# This file is automatically @generated by Cargo.
# It is not intended for manual editing.
version = 4

[[package]]
name = "escrow"
version = "0.1.0"
dependencies = [
 "pinocchio",
 "pinocchio-associated-token-account",
 "pinocchio-system",
 "pinocchio-token",
]

[[package]]
name = "five8_const"
version = "0.1.4"
source = "registry+https://github.com/rust-lang/crates.io-index"
checksum = "26dec3da8bc3ef08f2c04f61eab298c3ab334523e55f076354d6d6f613799a7b"
dependencies = [
 "five8_core",
]

[[package]]
name = "five8_core"
version = "0.1.2"
source = "registry+https://github.com/rust-lang/crates.io-index"
checksum = "2551bf44bc5f776c15044b9b94153a00198be06743e262afaaa61f11ac7523a5"

[[package]]
name = "pinocchio"
version = "0.9.2"
source = "registry+https://github.com/rust-lang/crates.io-index"
checksum = "5b971851087bc3699b001954ad02389d50c41405ece3548cbcafc88b3e20017a"

[[package]]
name = "pinocchio-associated-token-account"
version = "0.2.0"
source = "registry+https://github.com/rust-lang/crates.io-index"
checksum = "d67472f0743a13e87da3acf259e23dc711066236a1118d885ea20a264bf7954b"
dependencies = [
 "pinocchio",
 "pinocchio-pubkey",
]

[[package]]
name = "pinocchio-pubkey"
version = "0.3.0"
source = "registry+https://github.com/rust-lang/crates.io-index"
checksum = "cb0225638cadcbebae8932cb7f49cb5da7c15c21beb19f048f05a5ca7d93f065"
dependencies = [
 "five8_const",
 "pinocchio",
 "sha2-const-stable",
]

[[package]]
name = "pinocchio-system"
version = "0.4.0"
source = "registry+https://github.com/rust-lang/crates.io-index"
checksum = "4be2a6dad40b5e75d1486f021619c4bd504c34c1362c9b94ed7fa525b1cc63cc"
dependencies = [
 "pinocchio",
 "pinocchio-pubkey",
]

[[package]]
name = "pinocchio-token"
version = "0.4.0"
source = "registry+https://github.com/rust-lang/crates.io-index"
checksum = "4eb3a10d04ea7a633c01c4fe68eb650b4606cee4a3977bd1a1259cba324abafb"
dependencies = [
 "pinocchio",
 "pinocchio-pubkey",
]

[[package]]
name = "sha2-const-stable"
version = "0.1.0"
source = "registry+https://github.com/rust-lang/crates.io-index"
checksum = "5f179d4e11094a893b82fff208f74d448a7512f99f5a0acbd5c679b705f83ed9"
